
Microsoft Visual Studio Solution File, Format Version 12.00
# Visual Studio Version 17
VisualStudioVersion = 17.8.34525.116
MinimumVisualStudioVersion = 10.0.40219.1
Project("{FAE04EC0-301F-11D3-BF4B-00C04F79EFBC}") = "Module_15", "Module_15\Module_15.csproj", "{ACE99F46-7008-4921-9324-A7EC933C1DF3}"
EndProject
Global
	GlobalSection(SolutionConfigurationPlatforms) = preSolution
		Debug|Any CPU = Debug|Any CPU
		Release|Any CPU = Release|Any CPU
	EndGlobalSection
	GlobalSection(ProjectConfigurationPlatforms) = postSolution
		{ACE99F46-7008-4921-9324-A7EC933C1DF3}.Debug|Any CPU.ActiveCfg = Debug|Any CPU
		{ACE99F46-7008-4921-9324-A7EC933C1DF3}.Debug|Any CPU.Build.0 = Debug|Any CPU
		{ACE99F46-7008-4921-9324-A7EC933C1DF3}.Release|Any CPU.ActiveCfg = Release|Any CPU
		{ACE99F46-7008-4921-9324-A7EC933C1DF3}.Release|Any CPU.Build.0 = Release|Any CPU
	EndGlobalSection
	GlobalSection(SolutionProperties) = preSolution
		HideSolutionNode = FALSE
	EndGlobalSection
	GlobalSection(ExtensibilityGlobals) = postSolution
		SolutionGuid = {48A786FD-13C4-410F-8C50-29D660952894}
	EndGlobalSection
EndGlobal
